
Microsoft Visual Studio Solution File, Format Version 12.00
# Visual Studio 14
VisualStudioVersion = 14.0.25420.1
MinimumVisualStudioVersion = 10.0.40219.1
Project("{FAE04EC0-301F-11D3-BF4B-00C04F79EFBC}") = "GestionMagasin", "GestionMagasin\GestionMagasin.csproj", "{2CE4CEFF-D4CD-4EAC-A5FB-A1BD7C9FB285}"
EndProject
Global
	GlobalSection(SolutionConfigurationPlatforms) = preSolution
		Debug|Any CPU = Debug|Any CPU
		Release|Any CPU = Release|Any CPU
	EndGlobalSection
	GlobalSection(ProjectConfigurationPlatforms) = postSolution
		{2CE4CEFF-D4CD-4EAC-A5FB-A1BD7C9FB285}.Debug|Any CPU.ActiveCfg = Debug|Any CPU
		{2CE4CEFF-D4CD-4EAC-A5FB-A1BD7C9FB285}.Debug|Any CPU.Build.0 = Debug|Any CPU
		{2CE4CEFF-D4CD-4EAC-A5FB-A1BD7C9FB285}.Release|Any CPU.ActiveCfg = Release|Any CPU
		{2CE4CEFF-D4CD-4EAC-A5FB-A1BD7C9FB285}.Release|Any CPU.Build.0 = Release|Any CPU
	EndGlobalSection
	GlobalSection(SolutionProperties) = preSolution
		HideSolutionNode = FALSE
	EndGlobalSection
EndGlobal
